{
  "name": "spycetek-ts-utils",
  "version": "0.2.1",
  "lockfileVersion": 1,
  "requires": true,
  "dependencies": {
    "@types/jquery": {
      "version": "3.3.32",
      "resolved": "https://registry.npmjs.org/@types/jquery/-/jquery-3.3.32.tgz",
      "integrity": "sha512-UKoof2mnV/X1/Ix2g+V2Ny5sgHjV8nK/UJbiYxuo4zPwzGyFlZ/mp4KaePb2VqQrqJctmcDQNA57buU84/2uIw==",
      "dev": true,
      "requires": {
        "@types/sizzle": "*"
      }
    },
    "@types/sizzle": {
      "version": "2.3.2",
      "resolved": "https://registry.npmjs.org/@types/sizzle/-/sizzle-2.3.2.tgz",
      "integrity": "sha512-7EJYyKTL7tFR8+gDbB6Wwz/arpGa0Mywk1TJbNzKzHtzbwVmY4HR9WqS5VV7dsBUKQmPNr192jHr/VpBluj/hg==",
      "dev": true
    },
    "typescript": {
      "version": "3.1.6",
      "resolved": "https://registry.npmjs.org/typescript/-/typescript-3.1.6.tgz",
      "integrity": "sha512-tDMYfVtvpb96msS1lDX9MEdHrW4yOuZ4Kdc4Him9oU796XldPYF/t2+uKoX0BBa0hXXwDlqYQbXY5Rzjzc5hBA==",
      "dev": true
    },
    "typescript-map": {
      "version": "0.0.5",
      "resolved": "https://registry.npmjs.org/typescript-map/-/typescript-map-0.0.5.tgz",
      "integrity": "sha512-6hvDEcQBfg/3snSLEXnNQ16rKypoiSJGTDp/i/QlheQt1Jj8wuXeV4GI6mz990BJjdGC14aNJCQu5OAT8VPNQQ==",
      "dev": true
    }
  }
}
